<?xml version="1.0" encoding="utf-8"?>
<Project ToolsVersion="4.0" xmlns="http://schemas.microsoft.com/developer/msbuild/2003">
  <ItemGroup>
    <ClCompile Include="3rdLibrary\qcustomplot.cpp" />
    <ClCompile Include="databasemanage\customwidget\loadingdialog.cpp" />
    <ClCompile Include="databasemanage\customwidget\pageswitchbar.cpp" />
    <ClCompile Include="databasemanage\customwidget\rcustomplot.cpp" />
    <ClCompile Include="databasemanage\customwidget\rlistwidget.cpp" />
    <ClCompile Include="databasemanage\customwidget\customwidgetcontainer.cpp" />
    <ClCompile Include="databasemanage\customwidget\timerangeedit.cpp" />
    <ClCompile Include="databasemanage\customwidget\tinywavgraph.cpp" />
    <ClCompile Include="databasemanage\frame\leftpanel.cpp" />
    <ClCompile Include="databasemanage\frame\loginpage.cpp" />
    <ClCompile Include="databasemanage\global.cpp" />
    <ClCompile Include="databasemanage\net\connectormanage.cpp" />
    <ClCompile Include="databasemanage\net\datanetconnector.cpp" />
    <ClCompile Include="databasemanage\net\filenetconnector.cpp" />
    <ClCompile Include="databasemanage\net\netconnector.cpp" />
    <ClCompile Include="databasemanage\net\signaldispatch.cpp" />
    <ClCompile Include="databasemanage\pages\abstractpage.cpp" />
    <ClCompile Include="databasemanage\pages\aisdatabase\aisdatabasepage.cpp" />
    <ClCompile Include="databasemanage\pages\aisdatabase\aisdatapage.cpp" />
    <ClCompile Include="databasemanage\pages\aisdatabase\tabelmodel\aisdatamodel.cpp" />
    <ClCompile Include="databasemanage\pages\databasemanage\datamanagewidget.cpp" />
    <ClCompile Include="databasemanage\pages\databasemanage\level0page.cpp" />
    <ClCompile Include="databasemanage\pages\databasemanage\tablemodel\levelmodel0.cpp" />
    <ClCompile Include="databasemanage\pages\systemmainpage\controlwidget\imagemodel.cpp" />
    <ClCompile Include="databasemanage\pages\systemmainpage\controlwidget\newtaskinfosetwidget.cpp" />
    <ClCompile Include="databasemanage\pages\systemmainpage\newtaskdialog.cpp" />
    <ClCompile Include="databasemanage\pages\systemmainpage\systemmainpage.cpp" />
    <ClCompile Include="databasemanage\pages\systemmainpage\overviewitem.cpp" />
    <ClCompile Include="databasemanage\pages\systemmainpage\taskoverviewitem.cpp" />
    <ClCompile Include="databasemanage\pages\systemsetting\detectplatformpage.cpp" />
    <ClCompile Include="databasemanage\pages\systemsetting\dialog\detectplatformeditdialog.cpp" />
    <ClCompile Include="databasemanage\pages\systemsetting\othersettingpage.cpp" />
    <ClCompile Include="databasemanage\pages\systemsetting\systemsettingwidget.cpp" />
    <ClCompile Include="databasemanage\pages\systemsetting\tablemodel\usermanagemodel.cpp" />
    <ClCompile Include="databasemanage\pages\systemsetting\usermanagepage.cpp" />
    <ClCompile Include="databasemanage\pages\systemsetting\userprivilegeeditwindow.cpp" />
    <ClCompile Include="databasemanage\pages\targetdatabase\targetdatabasewidget.cpp" />
    <ClCompile Include="databasemanage\pages\taskanalyse\ambientnoisedatawidget.cpp" />
    <ClCompile Include="databasemanage\pages\taskanalyse\datapreviewpage.cpp" />
    <ClCompile Include="databasemanage\pages\taskanalyse\hxjplatforminfowidget.cpp" />
    <ClCompile Include="databasemanage\pages\taskanalyse\demongraph.cpp" />
    <ClCompile Include="databasemanage\pages\taskanalyse\dynamicgraphanalysis.cpp" />
    <ClCompile Include="databasemanage\pages\taskanalyse\lofargraph.cpp" />
    <ClCompile Include="databasemanage\pages\taskanalyse\situationanalysis.cpp" />
    <ClCompile Include="databasemanage\pages\taskanalyse\subpage\wavorigindatawindow.cpp" />
    <ClCompile Include="databasemanage\pages\taskanalyse\tablemodel\dataoverviewmolel.cpp" />
    <ClCompile Include="databasemanage\pages\taskanalyse\taskanalysepage.cpp" />
    <ClCompile Include="databasemanage\pages\taskanalyse\timedomainanalyse.cpp" />
    <ClCompile Include="databasemanage\pages\taskoverview\dialog\testimagesdetaildialog.cpp" />
    <ClCompile Include="databasemanage\pages\taskoverview\taskbaseinfopage.cpp" />
    <ClCompile Include="databasemanage\pages\taskoverview\taskoverviewpage.cpp" />
    <ClCompile Include="databasemanage\pages\taskoverview\testimagesitem.cpp" />
    <ClCompile Include="databasemanage\pages\taskrecord\dialog\dutyrecordeditdialog.cpp" />
    <ClCompile Include="databasemanage\pages\taskrecord\dialog\experimentrecordeditdialog.cpp" />
    <ClCompile Include="databasemanage\pages\taskrecord\dutyrecordpage.cpp" />
    <ClCompile Include="databasemanage\pages\taskrecord\experimentrecordpage.cpp" />
    <ClCompile Include="databasemanage\pages\taskrecord\tablemodel\dutyrecordmodel.cpp" />
    <ClCompile Include="databasemanage\pages\taskrecord\tablemodel\experimentrecordmodel.cpp" />
    <ClCompile Include="databasemanage\pages\taskrecord\taskrecordpage.cpp" />
    <ClCompile Include="databasemanage\pages\taskrecord\taskreporteditpage.cpp" />
    <ClCompile Include="databasemanage\pages\taskrecord\taskreportpage.cpp" />
    <ClCompile Include="databasemanage\pages\taskrecord\taskreportpreviewpage.cpp" />
    <ClCompile Include="databasemanage\utils\util.cpp" />
    <ClCompile Include="databasemanage\customwidget\operationtoolspage.cpp" />
    <ClCompile Include="databasemanage\datastruct.cpp" />
    <ClCompile Include="forwardcontroller\dataforwardclient.cpp" />
    <ClCompile Include="forwardcontroller\dataforwardmanager.cpp" />
    <ClCompile Include="forwardcontroller\dataforwardserver.cpp" />
    <ClCompile Include="forwardcontroller\multidataforwardclients.cpp" />
    <ClCompile Include="forwardcontroller\ruleparsemethod.cpp" />
    <ClCompile Include="forwardcontroller\webserver.cpp" />
    <ClCompile Include="databasemanage\frame\mainwindow.cpp" />
    <ClCompile Include="startupcallback.cpp" />
    <ClCompile Include="databasemanage\pages\targetdatabase\targetdetailpage.cpp">
      <Filter>Source Files</Filter>
    </ClCompile>
    <ClCompile Include="databasemanage\pages\targetdatabase\tablemodel\targetwavdatamodel.cpp">
      <Filter>Source Files</Filter>
    </ClCompile>
    <ClCompile Include="databasemanage\pages\targetdatabase\targetoverviewpage.cpp">
      <Filter>Source Files</Filter>
    </ClCompile>
    <ClCompile Include="databasemanage\pages\targetdatabase\tablemodel\targetoverviewmodel.cpp">
      <Filter>Source Files</Filter>
    </ClCompile>
    <ClCompile Include="databasemanage\pages\targetdatabase\item\targetbaseinfoitem.cpp">
      <Filter>Source Files</Filter>
    </ClCompile>
    <ClCompile Include="databasemanage\pages\systemmainpage\rawfiledeal\taskrawdatafiledealthread.cpp">
      <Filter>Source Files</Filter>
    </ClCompile>
    <ClCompile Include="databasemanage\pages\systemmainpage\rawfiledeal\taskrawdatafilecheckthread.cpp">
      <Filter>Source Files</Filter>
    </ClCompile>
  </ItemGroup>
  <ItemGroup>
    <ClInclude Include="databasemanage\datastruct.h" />
    <ClInclude Include="databasemanage\global.h" />
    <ClInclude Include="databasemanage\utils\util.h" />
    <ClInclude Include="forwardcontroller\dataforwardmanager.h" />
    <ClInclude Include="forwardcontroller\dataforwardserver.h" />
    <ClInclude Include="forwardcontroller\ruleparsemethod.h" />
    <ClInclude Include="forwardcontroller\webserver.h" />
    <ClInclude Include="related_global.h" />
    <ClInclude Include="startupcallback.h" />
    <ClInclude Include="topiclist.h" />
  </ItemGroup>
  <ItemGroup>
    <QtMoc Include="3rdLibrary\qcustomplot.h" />
    <QtMoc Include="databasemanage\frame\leftpanel.h" />
    <QtMoc Include="databasemanage\customwidget\rlistwidget.h" />
    <QtMoc Include="databasemanage\pages\systemmainpage\systemmainpage.h" />
    <QtMoc Include="databasemanage\pages\systemmainpage\overviewitem.h" />
    <QtMoc Include="databasemanage\customwidget\pageswitchbar.h" />
    <QtMoc Include="databasemanage\customwidget\customwidgetcontainer.h" />
    <QtMoc Include="databasemanage\customwidget\timerangeedit.h" />
    <QtMoc Include="databasemanage\customwidget\loadingdialog.h" />
    <QtMoc Include="databasemanage\customwidget\rcustomplot.h" />
    <QtMoc Include="databasemanage\customwidget\tinywavgraph.h" />
    <QtMoc Include="databasemanage\pages\abstractpage.h" />
    <QtMoc Include="databasemanage\pages\databasemanage\datamanagewidget.h" />
    <QtMoc Include="databasemanage\pages\systemsetting\systemsettingwidget.h" />
    <QtMoc Include="databasemanage\pages\databasemanage\tablemodel\levelmodel0.h" />
    <QtMoc Include="databasemanage\pages\databasemanage\level0page.h" />
    <QtMoc Include="databasemanage\pages\systemsetting\tablemodel\usermanagemodel.h" />
    <QtMoc Include="databasemanage\pages\systemsetting\usermanagepage.h" />
    <QtMoc Include="databasemanage\pages\systemsetting\othersettingpage.h" />
    <QtMoc Include="databasemanage\frame\loginpage.h" />
    <QtMoc Include="databasemanage\pages\systemmainpage\taskoverviewitem.h" />
    <QtMoc Include="databasemanage\pages\taskoverview\taskoverviewpage.h" />
    <QtMoc Include="databasemanage\pages\taskrecord\taskrecordpage.h" />
    <QtMoc Include="databasemanage\pages\taskanalyse\taskanalysepage.h" />
    <QtMoc Include="databasemanage\pages\targetdatabase\targetdatabasewidget.h" />
    <QtMoc Include="databasemanage\pages\taskoverview\taskbaseinfopage.h" />
    <QtMoc Include="databasemanage\pages\systemmainpage\newtaskdialog.h" />
    <QtMoc Include="databasemanage\pages\systemmainpage\controlwidget\newtaskinfosetwidget.h" />
    <QtMoc Include="databasemanage\net\netconnector.h" />
    <QtMoc Include="databasemanage\net\signaldispatch.h" />
    <QtMoc Include="databasemanage\pages\taskanalyse\ambientnoisedatawidget.h" />
    <QtMoc Include="databasemanage\pages\taskanalyse\hxjplatforminfowidget.h" />
    <QtMoc Include="databasemanage\pages\taskanalyse\tablemodel\dataoverviewmolel.h" />
    <QtMoc Include="databasemanage\pages\systemsetting\userprivilegeeditwindow.h" />
    <QtMoc Include="databasemanage\pages\systemmainpage\controlwidget\imagemodel.h" />
    <QtMoc Include="databasemanage\pages\taskrecord\dutyrecordpage.h" />
    <QtMoc Include="databasemanage\pages\taskrecord\taskreportpage.h" />
    <QtMoc Include="databasemanage\pages\taskrecord\tablemodel\dutyrecordmodel.h" />
    <QtMoc Include="databasemanage\pages\taskrecord\tablemodel\experimentrecordmodel.h" />
    <QtMoc Include="databasemanage\pages\taskrecord\experimentrecordpage.h" />
    <QtMoc Include="databasemanage\pages\taskrecord\dialog\dutyrecordeditdialog.h" />
    <QtMoc Include="databasemanage\pages\taskrecord\dialog\experimentrecordeditdialog.h" />
    <QtMoc Include="databasemanage\net\datanetconnector.h" />
    <QtMoc Include="databasemanage\pages\systemsetting\detectplatformpage.h" />
    <QtMoc Include="databasemanage\pages\taskanalyse\datapreviewpage.h" />
    <QtMoc Include="databasemanage\pages\taskanalyse\subpage\wavorigindatawindow.h" />
    <QtMoc Include="databasemanage\pages\aisdatabase\aisdatabasepage.h" />
    <QtMoc Include="databasemanage\pages\aisdatabase\aisdatapage.h" />
    <QtMoc Include="databasemanage\pages\aisdatabase\tabelmodel\aisdatamodel.h" />
    <QtMoc Include="databasemanage\pages\taskanalyse\demongraph.h" />
    <QtMoc Include="databasemanage\pages\taskanalyse\timedomainanalyse.h" />
    <QtMoc Include="databasemanage\pages\taskanalyse\dynamicgraphanalysis.h" />
    <QtMoc Include="databasemanage\pages\taskanalyse\situationanalysis.h" />
    <QtMoc Include="databasemanage\pages\taskanalyse\lofargraph.h" />
    <QtMoc Include="databasemanage\pages\taskoverview\dialog\testimagesdetaildialog.h" />
    <QtMoc Include="databasemanage\pages\taskoverview\testimagesitem.h" />
    <QtMoc Include="databasemanage\pages\taskrecord\taskreportpreviewpage.h" />
    <QtMoc Include="databasemanage\pages\taskrecord\taskreporteditpage.h" />
    <QtMoc Include="databasemanage\pages\systemsetting\dialog\detectplatformeditdialog.h" />
    <QtMoc Include="databasemanage\net\filenetconnector.h" />
    <QtMoc Include="databasemanage\net\connectormanage.h" />
    <QtMoc Include="databasemanage\customwidget\operationtoolspage.h" />
    <QtMoc Include="databasemanage\frame\mainwindow.h" />
    <QtMoc Include="forwardcontroller\multidataforwardclients.h" />
    <QtMoc Include="forwardcontroller\dataforwardclient.h" />
    <QtMoc Include="databasemanage\pages\targetdatabase\targetdetailpage.h">
      <Filter>Header Files</Filter>
    </QtMoc>
    <QtMoc Include="databasemanage\pages\targetdatabase\tablemodel\targetwavdatamodel.h">
      <Filter>Header Files</Filter>
    </QtMoc>
    <QtMoc Include="databasemanage\pages\targetdatabase\targetoverviewpage.h">
      <Filter>Header Files</Filter>
    </QtMoc>
    <QtMoc Include="databasemanage\pages\targetdatabase\tablemodel\targetoverviewmodel.h">
      <Filter>Header Files</Filter>
    </QtMoc>
    <QtMoc Include="databasemanage\pages\targetdatabase\item\targetbaseinfoitem.h">
      <Filter>Header Files</Filter>
    </QtMoc>
    <QtMoc Include="databasemanage\pages\systemmainpage\rawfiledeal\taskrawdatafiledealthread.h">
      <Filter>Header Files</Filter>
    </QtMoc>
    <QtMoc Include="databasemanage\pages\systemmainpage\rawfiledeal\taskrawdatafilecheckthread.h">
      <Filter>Header Files</Filter>
    </QtMoc>
  </ItemGroup>
  <ItemGroup>
    <QtUic Include="databasemanage\pages\systemmainpage\controlwidget\newtaskinfosetwidget.ui" />
    <QtUic Include="databasemanage\pages\systemmainpage\overviewitem.ui" />
    <QtUic Include="databasemanage\pages\systemmainpage\taskoverviewitem.ui" />
    <QtUic Include="databasemanage\pages\systemsetting\userprivilegeeditwindow.ui" />
    <QtUic Include="databasemanage\pages\taskanalyse\subpage\wavfeature.ui" />
    <QtUic Include="databasemanage\pages\taskanalyse\subpage\wavorigindatawindow.ui" />
    <QtUic Include="databasemanage\pages\taskrecord\taskreporteditpage.ui" />
  </ItemGroup>
  <ItemGroup>
    <Filter Include="Header Files">
      <UniqueIdentifier>{93995380-89BD-4b04-88EB-625FBE52EBFB}</UniqueIdentifier>
      <Extensions>h;hh;hpp;hxx;hm;inl;inc;xsd</Extensions>
      <ParseFiles>true</ParseFiles>
    </Filter>
    <Filter Include="Source Files">
      <UniqueIdentifier>{4FC737F1-C7A5-4376-A066-2A32D752A2FF}</UniqueIdentifier>
      <Extensions>cpp;c;cc;cxx;def;odl;idl;hpj;bat;asm;asmx</Extensions>
      <ParseFiles>true</ParseFiles>
    </Filter>
    <Filter Include="Form Files">
      <UniqueIdentifier>{99349809-55BA-4b9d-BF79-8FDBB0286EB3}</UniqueIdentifier>
      <Extensions>ui</Extensions>
      <ParseFiles>true</ParseFiles>
    </Filter>
  </ItemGroup>
</Project>