<?xml version="1.0" encoding="utf-8"?>
<Project ToolsVersion="4.0" xmlns="http://schemas.microsoft.com/developer/msbuild/2003">
  <ItemGroup>
    <ClCompile Include="3rdLibrary\qcustomplot.cpp" />
    <ClCompile Include="databasemanage\customwidget\pageswitchbar.cpp" />
    <ClCompile Include="databasemanage\customwidget\rlistwidget.cpp" />
    <ClCompile Include="databasemanage\customwidget\customwidgetcontainer.cpp" />
    <ClCompile Include="databasemanage\customwidget\timerangeedit.cpp" />
    <ClCompile Include="databasemanage\frame\leftpanel.cpp" />
    <ClCompile Include="databasemanage\frame\loginpage.cpp" />
    <ClCompile Include="databasemanage\net\jsonwrapper.cpp" />
    <ClCompile Include="databasemanage\net\netconnector.cpp" />
    <ClCompile Include="databasemanage\net\signaldispatch.cpp" />
    <ClCompile Include="databasemanage\pages\abstractpage.cpp" />
    <ClCompile Include="databasemanage\pages\databasemanage\datamanagewidget.cpp" />
    <ClCompile Include="databasemanage\pages\databasemanage\level0page.cpp" />
    <ClCompile Include="databasemanage\pages\databasemanage\level1page.cpp" />
    <ClCompile Include="databasemanage\pages\databasemanage\level2page.cpp" />
    <ClCompile Include="databasemanage\pages\databasemanage\tablemodel\levelmodel0.cpp" />
    <ClCompile Include="databasemanage\pages\databasemanage\tablemodel\levelmodel1.cpp" />
    <ClCompile Include="databasemanage\pages\databasemanage\tablemodel\levelmodel2.cpp" />
    <ClCompile Include="databasemanage\pages\systemmainpage\controlwidget\newtaskinfosetwidget.cpp" />
    <ClCompile Include="databasemanage\pages\systemmainpage\newtaskdialog.cpp" />
    <ClCompile Include="databasemanage\pages\systemmainpage\systemmainpage.cpp" />
    <ClCompile Include="databasemanage\pages\systemmainpage\overviewitem.cpp" />
    <ClCompile Include="databasemanage\pages\systemmainpage\taskoverviewitem.cpp" />
    <ClCompile Include="databasemanage\pages\systemsetting\othersettingpage.cpp" />
    <ClCompile Include="databasemanage\pages\systemsetting\systemsettingwidget.cpp" />
    <ClCompile Include="databasemanage\pages\systemsetting\tablemodel\usermanagemodel.cpp" />
    <ClCompile Include="databasemanage\pages\systemsetting\usermanagepage.cpp" />
    <ClCompile Include="databasemanage\pages\targetdatabase\tablemodel\targetdatabasemanagemodel.cpp" />
    <ClCompile Include="databasemanage\pages\targetdatabase\targetdatabasemanagepage.cpp" />
    <ClCompile Include="databasemanage\pages\targetdatabase\targetdatabasewidget.cpp" />
    <ClCompile Include="databasemanage\pages\taskanalyse\taskanalysepage.cpp" />
    <ClCompile Include="databasemanage\pages\taskoverview\statisticalgraph\statisticalgraphpage.cpp" />
    <ClCompile Include="databasemanage\pages\taskoverview\taskbaseinfopage.cpp" />
    <ClCompile Include="databasemanage\pages\taskoverview\taskoverviewpage.cpp" />
    <ClCompile Include="databasemanage\pages\taskoverview\taskresultinfopage.cpp" />
    <ClCompile Include="databasemanage\pages\taskoverview\taskresultitem.cpp" />
    <ClCompile Include="databasemanage\pages\taskrecord\logbookpage.cpp" />
    <ClCompile Include="databasemanage\pages\taskrecord\taskrecordpage.cpp" />
    <ClCompile Include="databasemanage\pages\taskrecord\trialsheetpage.cpp" />
    <ClCompile Include="databasemanage\utils\util.cpp" />
    <ClCompile Include="databasemanage\customwidget\operationtoolspage.cpp" />
    <ClCompile Include="databasemanage\datastruct.cpp" />
    <ClCompile Include="forwardcontroller\dataforwardclient.cpp" />
    <ClCompile Include="forwardcontroller\dataforwardmanager.cpp" />
    <ClCompile Include="forwardcontroller\dataforwardserver.cpp" />
    <ClCompile Include="forwardcontroller\multidataforwardclients.cpp" />
    <ClCompile Include="forwardcontroller\ruleparsemethod.cpp" />
    <ClCompile Include="forwardcontroller\webserver.cpp" />
    <ClCompile Include="databasemanage\frame\mainwindow.cpp" />
    <ClCompile Include="startupcallback.cpp" />
  </ItemGroup>
  <ItemGroup>
    <ClInclude Include="databasemanage\datastruct.h" />
    <ClInclude Include="databasemanage\utils\util.h" />
    <ClInclude Include="forwardcontroller\dataforwardmanager.h" />
    <ClInclude Include="forwardcontroller\dataforwardserver.h" />
    <ClInclude Include="forwardcontroller\ruleparsemethod.h" />
    <ClInclude Include="forwardcontroller\webserver.h" />
    <ClInclude Include="related_global.h" />
    <ClInclude Include="startupcallback.h" />
    <ClInclude Include="topiclist.h" />
  </ItemGroup>
  <ItemGroup>
    <QtMoc Include="3rdLibrary\qcustomplot.h" />
    <QtMoc Include="databasemanage\frame\leftpanel.h" />
    <QtMoc Include="databasemanage\customwidget\rlistwidget.h" />
    <QtMoc Include="databasemanage\pages\systemmainpage\systemmainpage.h" />
    <QtMoc Include="databasemanage\pages\systemmainpage\overviewitem.h" />
    <QtMoc Include="databasemanage\customwidget\pageswitchbar.h" />
    <QtMoc Include="databasemanage\customwidget\customwidgetcontainer.h" />
    <QtMoc Include="databasemanage\customwidget\timerangeedit.h" />
    <QtMoc Include="databasemanage\pages\abstractpage.h" />
    <QtMoc Include="databasemanage\pages\databasemanage\datamanagewidget.h" />
    <QtMoc Include="databasemanage\pages\systemsetting\systemsettingwidget.h" />
    <QtMoc Include="databasemanage\pages\databasemanage\tablemodel\levelmodel0.h" />
    <QtMoc Include="databasemanage\pages\databasemanage\level0page.h" />
    <QtMoc Include="databasemanage\pages\systemsetting\tablemodel\usermanagemodel.h" />
    <QtMoc Include="databasemanage\pages\systemsetting\usermanagepage.h" />
    <QtMoc Include="databasemanage\pages\databasemanage\level1page.h" />
    <QtMoc Include="databasemanage\pages\databasemanage\level2page.h" />
    <QtMoc Include="databasemanage\pages\databasemanage\tablemodel\levelmodel1.h" />
    <QtMoc Include="databasemanage\pages\databasemanage\tablemodel\levelmodel2.h" />
    <QtMoc Include="databasemanage\pages\systemsetting\othersettingpage.h" />
    <QtMoc Include="databasemanage\frame\loginpage.h" />
    <QtMoc Include="databasemanage\pages\systemmainpage\taskoverviewitem.h" />
    <QtMoc Include="databasemanage\pages\taskoverview\taskoverviewpage.h" />
    <QtMoc Include="databasemanage\pages\taskrecord\taskrecordpage.h" />
    <QtMoc Include="databasemanage\pages\taskanalyse\taskanalysepage.h" />
    <QtMoc Include="databasemanage\pages\targetdatabase\targetdatabasewidget.h" />
    <QtMoc Include="databasemanage\pages\targetdatabase\targetdatabasemanagepage.h" />
    <QtMoc Include="databasemanage\pages\targetdatabase\tablemodel\targetdatabasemanagemodel.h" />
    <QtMoc Include="databasemanage\pages\taskrecord\logbookpage.h" />
    <QtMoc Include="databasemanage\pages\taskrecord\trialsheetpage.h" />
    <QtMoc Include="databasemanage\pages\taskoverview\taskresultinfopage.h" />
    <QtMoc Include="databasemanage\pages\taskoverview\taskbaseinfopage.h" />
    <QtMoc Include="databasemanage\pages\taskoverview\taskresultitem.h" />
    <QtMoc Include="databasemanage\pages\taskoverview\statisticalgraph\statisticalgraphpage.h" />
    <QtMoc Include="databasemanage\pages\systemmainpage\newtaskdialog.h" />
    <QtMoc Include="databasemanage\pages\systemmainpage\controlwidget\newtaskinfosetwidget.h" />
    <QtMoc Include="databasemanage\net\netconnector.h" />
    <QtMoc Include="databasemanage\net\jsonwrapper.h" />
    <QtMoc Include="databasemanage\net\signaldispatch.h" />
    <QtMoc Include="databasemanage\customwidget\operationtoolspage.h" />
    <QtMoc Include="databasemanage\frame\mainwindow.h" />
    <QtMoc Include="forwardcontroller\multidataforwardclients.h" />
    <QtMoc Include="forwardcontroller\dataforwardclient.h" />
  </ItemGroup>
  <ItemGroup>
    <QtUic Include="databasemanage\pages\systemmainpage\controlwidget\newtaskinfosetwidget.ui" />
    <QtUic Include="databasemanage\pages\systemmainpage\overviewitem.ui" />
    <QtUic Include="databasemanage\pages\systemmainpage\taskoverviewitem.ui" />
  </ItemGroup>
</Project>