<?xml version="1.0" encoding="utf-8"?>
<Project ToolsVersion="4.0" xmlns="http://schemas.microsoft.com/developer/msbuild/2003">
  <ItemGroup>
    <Filter Include="Source Files">
      <UniqueIdentifier>{4FC737F1-C7A5-4376-A066-2A32D752A2FF}</UniqueIdentifier>
      <Extensions>cpp;c;cc;cxx;def;odl;idl;hpj;bat;asm;asmx</Extensions>
    </Filter>
    <Filter Include="Header Files">
      <UniqueIdentifier>{93995380-89BD-4b04-88EB-625FBE52EBFB}</UniqueIdentifier>
      <Extensions>h;hh;hpp;hxx;hm;inl;inc;xsd</Extensions>
    </Filter>
    <Filter Include="Resource Files">
      <UniqueIdentifier>{67DA6AB6-F800-4c08-8B7A-83BB121AAD01}</UniqueIdentifier>
      <Extensions>rc;ico;cur;bmp;dlg;rc2;rct;bin;rgs;gif;jpg;jpeg;jpe;resx;tiff;tif;png;wav;mfcribbon-ms</Extensions>
    </Filter>
    <Filter Include="Form Files">
      <UniqueIdentifier>{99349809-55BA-4b9d-BF79-8FDBB0286EB3}</UniqueIdentifier>
      <Extensions>ui</Extensions>
    </Filter>
    <Filter Include="Resource Files">
      <UniqueIdentifier>{D9D6E242-F8AF-46E4-B9FD-80ECBC20BA3E}</UniqueIdentifier>
      <Extensions>qrc;*</Extensions>
      <ParseFiles>false</ParseFiles>
    </Filter>
    <Filter Include="NewFilter1">
      <UniqueIdentifier>{ef31f8b3-4e5e-4394-9f29-3b741ecb3cab}</UniqueIdentifier>
    </Filter>
  </ItemGroup>
  <ItemGroup>
    <ClInclude Include="base_global.h">
      <Filter>Header Files</Filter>
    </ClInclude>
    <ClInclude Include="constants.h">
      <Filter>Header Files</Filter>
    </ClInclude>
    <ClInclude Include="messagetype.h">
      <Filter>Header Files</Filter>
    </ClInclude>
    <ClInclude Include="util\rblockingqueue.h">
      <Filter>Header Files</Filter>
    </ClInclude>
    <ClInclude Include="util\rbuffer.h">
      <Filter>Header Files</Filter>
    </ClInclude>
    <ClInclude Include="util\regexp.h">
      <Filter>Header Files</Filter>
    </ClInclude>
    <ClInclude Include="util\rringbuffer.h">
      <Filter>Header Files</Filter>
    </ClInclude>
    <ClInclude Include="util\rsingleton.h">
      <Filter>Header Files</Filter>
    </ClInclude>
    <ClInclude Include="util\rutil.h">
      <Filter>Header Files</Filter>
    </ClInclude>
    <ClInclude Include="util\scaleswitcher.h">
      <Filter>Header Files</Filter>
    </ClInclude>
    <ClInclude Include="util\threadpool.h">
      <Filter>Header Files</Filter>
    </ClInclude>
    <ClInclude Include="util\widgetpropsetting.h">
      <Filter>Header Files</Filter>
    </ClInclude>
    <ClInclude Include="actionmanager\id.h">
      <Filter>Header Files</Filter>
    </ClInclude>
    <ClInclude Include="common\sql\autotransaction.h">
      <Filter>Header Files</Filter>
    </ClInclude>
    <ClInclude Include="common\sql\database.h">
      <Filter>Header Files</Filter>
    </ClInclude>
    <ClInclude Include="common\sql\databasemanager.h">
      <Filter>Header Files</Filter>
    </ClInclude>
    <ClInclude Include="common\sql\rpersistence.h">
      <Filter>Header Files</Filter>
    </ClInclude>
    <ClInclude Include="common\validator\rcombinevalidator.h">
      <Filter>Header Files</Filter>
    </ClInclude>
    <ClInclude Include="common\validator\rvalidator.h">
      <Filter>Header Files</Filter>
    </ClInclude>
    <ClInclude Include="common\sql\sqliteutil.h">
      <Filter>Header Files</Filter>
    </ClInclude>
    <ClInclude Include="selfwidget\tablemode\tablestruct.h">
      <Filter>Header Files</Filter>
    </ClInclude>
    <ClInclude Include="macros.h">
      <Filter>Header Files</Filter>
    </ClInclude>
  </ItemGroup>
  <ItemGroup>
    <ClCompile Include="util\fileutils.cpp">
      <Filter>Source Files</Filter>
    </ClCompile>
    <ClCompile Include="util\imagemanager.cpp">
      <Filter>Source Files</Filter>
    </ClCompile>
    <ClCompile Include="util\rbuffer.cpp">
      <Filter>Source Files</Filter>
    </ClCompile>
    <ClCompile Include="util\regexp.cpp">
      <Filter>Source Files</Filter>
    </ClCompile>
    <ClCompile Include="util\rlog.cpp">
      <Filter>Source Files</Filter>
    </ClCompile>
    <ClCompile Include="util\rringbuffer.cpp">
      <Filter>Source Files</Filter>
    </ClCompile>
    <ClCompile Include="util\rutil.cpp">
      <Filter>Source Files</Filter>
    </ClCompile>
    <ClCompile Include="util\scaleswitcher.cpp">
      <Filter>Source Files</Filter>
    </ClCompile>
    <ClCompile Include="util\threadpool.cpp">
      <Filter>Source Files</Filter>
    </ClCompile>
    <ClCompile Include="util\widgetanimation.cpp">
      <Filter>Source Files</Filter>
    </ClCompile>
    <ClCompile Include="util\widgetpropsetting.cpp">
      <Filter>Source Files</Filter>
    </ClCompile>
    <ClCompile Include="selfwidget\lonlatedit\rlonlatedit.cpp">
      <Filter>Source Files</Filter>
    </ClCompile>
    <ClCompile Include="selfwidget\lonlatedit\rpositionviewlabel.cpp">
      <Filter>Source Files</Filter>
    </ClCompile>
    <ClCompile Include="selfwidget\treemode\rtreemodel.cpp">
      <Filter>Source Files</Filter>
    </ClCompile>
    <ClCompile Include="selfwidget\treemode\rtreeview.cpp">
      <Filter>Source Files</Filter>
    </ClCompile>
    <ClCompile Include="selfwidget\dialogproxy.cpp">
      <Filter>Source Files</Filter>
    </ClCompile>
    <ClCompile Include="selfwidget\flowcontrol.cpp">
      <Filter>Source Files</Filter>
    </ClCompile>
    <ClCompile Include="selfwidget\iconbutton.cpp">
      <Filter>Source Files</Filter>
    </ClCompile>
    <ClCompile Include="selfwidget\rinputdialog.cpp">
      <Filter>Source Files</Filter>
    </ClCompile>
    <ClCompile Include="selfwidget\ripwidget.cpp">
      <Filter>Source Files</Filter>
    </ClCompile>
    <ClCompile Include="selfwidget\rlabel.cpp">
      <Filter>Source Files</Filter>
    </ClCompile>
    <ClCompile Include="selfwidget\rmessagebox.cpp">
      <Filter>Source Files</Filter>
    </ClCompile>
    <ClCompile Include="selfwidget\rwidget.cpp">
      <Filter>Source Files</Filter>
    </ClCompile>
    <ClCompile Include="selfwidget\toolbar.cpp">
      <Filter>Source Files</Filter>
    </ClCompile>
    <ClCompile Include="actionmanager\action.cpp">
      <Filter>Source Files</Filter>
    </ClCompile>
    <ClCompile Include="actionmanager\actioncontainer.cpp">
      <Filter>Source Files</Filter>
    </ClCompile>
    <ClCompile Include="actionmanager\actionmanager.cpp">
      <Filter>Source Files</Filter>
    </ClCompile>
    <ClCompile Include="actionmanager\command.cpp">
      <Filter>Source Files</Filter>
    </ClCompile>
    <ClCompile Include="actionmanager\id.cpp">
      <Filter>Source Files</Filter>
    </ClCompile>
    <ClCompile Include="actionmanager\statusbarcontainer.cpp">
      <Filter>Source Files</Filter>
    </ClCompile>
    <ClCompile Include="common\sql\autotransaction.cpp">
      <Filter>Source Files</Filter>
    </ClCompile>
    <ClCompile Include="common\sql\database.cpp">
      <Filter>Source Files</Filter>
    </ClCompile>
    <ClCompile Include="common\sql\databasemanager.cpp">
      <Filter>Source Files</Filter>
    </ClCompile>
    <ClCompile Include="common\sql\rpersistence.cpp">
      <Filter>Source Files</Filter>
    </ClCompile>
    <ClCompile Include="common\validator\rcombinevalidator.cpp">
      <Filter>Source Files</Filter>
    </ClCompile>
    <ClCompile Include="common\validator\rvalidator.cpp">
      <Filter>Source Files</Filter>
    </ClCompile>
    <ClCompile Include="common\languagemanager.cpp">
      <Filter>Source Files</Filter>
    </ClCompile>
    <ClCompile Include="common\stylemanager.cpp">
      <Filter>Source Files</Filter>
    </ClCompile>
    <ClCompile Include="common\sql\sqliteutil.cpp">
      <Filter>Source Files</Filter>
    </ClCompile>
    <ClCompile Include="selfwidget\switchpage.cpp">
      <Filter>Source Files</Filter>
    </ClCompile>
    <ClCompile Include="selfwidget\rtabbar.cpp">
      <Filter>Source Files</Filter>
    </ClCompile>
    <ClCompile Include="selfwidget\tablemode\rtablemodel.cpp">
      <Filter>Source Files</Filter>
    </ClCompile>
    <ClCompile Include="selfwidget\tablemode\rtableview.cpp">
      <Filter>Source Files</Filter>
    </ClCompile>
    <ClCompile Include="selfwidget\tablemode\tablecolumneditwindow.cpp">
      <Filter>Source Files</Filter>
    </ClCompile>
    <ClCompile Include="macros.cpp">
      <Filter>Source Files</Filter>
    </ClCompile>
    <ClCompile Include="selfwidget\rtabwidget.cpp">
      <Filter>Source Files</Filter>
    </ClCompile>
    <ClCompile Include="selfwidget\rborderlessmainwindow.cpp">
      <Filter>Source Files</Filter>
    </ClCompile>
    <ClCompile Include="tools\notify\notifymanager.cpp">
      <Filter>Source Files</Filter>
    </ClCompile>
    <ClCompile Include="tools\notify\notify.cpp">
      <Filter>Source Files</Filter>
    </ClCompile>
  </ItemGroup>
  <ItemGroup>
    <QtMoc Include="util\fileutils.h">
      <Filter>Header Files</Filter>
    </QtMoc>
    <QtMoc Include="util\imagemanager.h">
      <Filter>Header Files</Filter>
    </QtMoc>
    <QtMoc Include="util\rlog.h">
      <Filter>Header Files</Filter>
    </QtMoc>
    <QtMoc Include="util\widgetanimation.h">
      <Filter>Header Files</Filter>
    </QtMoc>
    <QtMoc Include="selfwidget\lonlatedit\rlonlatedit.h">
      <Filter>Header Files</Filter>
    </QtMoc>
    <QtMoc Include="selfwidget\lonlatedit\rpositionviewlabel.h">
      <Filter>Header Files</Filter>
    </QtMoc>
    <QtMoc Include="selfwidget\treemode\rtreemodel.h">
      <Filter>Header Files</Filter>
    </QtMoc>
    <QtMoc Include="selfwidget\treemode\rtreeview.h">
      <Filter>Header Files</Filter>
    </QtMoc>
    <QtMoc Include="selfwidget\dialogproxy.h">
      <Filter>Header Files</Filter>
    </QtMoc>
    <QtMoc Include="selfwidget\flowcontrol.h">
      <Filter>Header Files</Filter>
    </QtMoc>
    <QtMoc Include="selfwidget\iconbutton.h">
      <Filter>Header Files</Filter>
    </QtMoc>
    <QtMoc Include="selfwidget\rinputdialog.h">
      <Filter>Header Files</Filter>
    </QtMoc>
    <QtMoc Include="selfwidget\ripwidget.h">
      <Filter>Header Files</Filter>
    </QtMoc>
    <QtMoc Include="selfwidget\rlabel.h">
      <Filter>Header Files</Filter>
    </QtMoc>
    <QtMoc Include="selfwidget\rmessagebox.h">
      <Filter>Header Files</Filter>
    </QtMoc>
    <QtMoc Include="selfwidget\rwidget.h">
      <Filter>Header Files</Filter>
    </QtMoc>
    <QtMoc Include="selfwidget\toolbar.h">
      <Filter>Header Files</Filter>
    </QtMoc>
    <QtMoc Include="actionmanager\action.h">
      <Filter>Header Files</Filter>
    </QtMoc>
    <QtMoc Include="actionmanager\actioncontainer.h">
      <Filter>Header Files</Filter>
    </QtMoc>
    <QtMoc Include="actionmanager\actionmanager.h">
      <Filter>Header Files</Filter>
    </QtMoc>
    <QtMoc Include="actionmanager\command.h">
      <Filter>Header Files</Filter>
    </QtMoc>
    <QtMoc Include="actionmanager\statusbarcontainer.h">
      <Filter>Header Files</Filter>
    </QtMoc>
    <QtMoc Include="common\languagemanager.h">
      <Filter>Header Files</Filter>
    </QtMoc>
    <QtMoc Include="common\stylemanager.h">
      <Filter>Header Files</Filter>
    </QtMoc>
    <QtMoc Include="selfwidget\switchpage.h">
      <Filter>Header Files</Filter>
    </QtMoc>
    <QtMoc Include="selfwidget\rtabbar.h">
      <Filter>Header Files</Filter>
    </QtMoc>
    <QtMoc Include="selfwidget\tablemode\rtablemodel.h">
      <Filter>Header Files</Filter>
    </QtMoc>
    <QtMoc Include="selfwidget\tablemode\rtableview.h">
      <Filter>Header Files</Filter>
    </QtMoc>
    <QtMoc Include="selfwidget\tablemode\tablecolumneditwindow.h">
      <Filter>Header Files</Filter>
    </QtMoc>
    <QtMoc Include="selfwidget\rtabwidget.h">
      <Filter>Header Files</Filter>
    </QtMoc>
    <QtMoc Include="selfwidget\rborderlessmainwindow.h">
      <Filter>Header Files</Filter>
    </QtMoc>
    <QtMoc Include="tools\notify\notifymanager.h">
      <Filter>Header Files</Filter>
    </QtMoc>
    <QtMoc Include="tools\notify\notify.h">
      <Filter>Header Files</Filter>
    </QtMoc>
  </ItemGroup>
</Project>