<?xml version="1.0" encoding="utf-8"?>
<Project ToolsVersion="4.0" xmlns="http://schemas.microsoft.com/developer/msbuild/2003">
  <ItemGroup>
    <Filter Include="Source Files">
      <UniqueIdentifier>{4FC737F1-C7A5-4376-A066-2A32D752A2FF}</UniqueIdentifier>
      <Extensions>cpp;c;cc;cxx;def;odl;idl;hpj;bat;asm;asmx</Extensions>
    </Filter>
    <Filter Include="Header Files">
      <UniqueIdentifier>{93995380-89BD-4b04-88EB-625FBE52EBFB}</UniqueIdentifier>
      <Extensions>h;hh;hpp;hxx;hm;inl;inc;xsd</Extensions>
    </Filter>
    <Filter Include="Resource Files">
      <UniqueIdentifier>{67DA6AB6-F800-4c08-8B7A-83BB121AAD01}</UniqueIdentifier>
      <Extensions>rc;ico;cur;bmp;dlg;rc2;rct;bin;rgs;gif;jpg;jpeg;jpe;resx;tiff;tif;png;wav;mfcribbon-ms</Extensions>
    </Filter>
    <Filter Include="Form Files">
      <UniqueIdentifier>{99349809-55BA-4b9d-BF79-8FDBB0286EB3}</UniqueIdentifier>
      <Extensions>ui</Extensions>
    </Filter>
    <Filter Include="Resource Files">
      <UniqueIdentifier>{D9D6E242-F8AF-46E4-B9FD-80ECBC20BA3E}</UniqueIdentifier>
      <Extensions>qrc;*</Extensions>
      <ParseFiles>false</ParseFiles>
    </Filter>
  </ItemGroup>
  <ItemGroup>
    <ClCompile Include="3rdLibrary\qcustomplot.cpp">
      <Filter>Source Files</Filter>
    </ClCompile>
    <ClCompile Include="forwardcontroller\dataforwardclient.cpp">
      <Filter>Source Files</Filter>
    </ClCompile>
    <ClCompile Include="forwardcontroller\dataforwardmanager.cpp">
      <Filter>Source Files</Filter>
    </ClCompile>
    <ClCompile Include="forwardcontroller\dataforwardserver.cpp">
      <Filter>Source Files</Filter>
    </ClCompile>
    <ClCompile Include="forwardcontroller\multidataforwardclients.cpp">
      <Filter>Source Files</Filter>
    </ClCompile>
    <ClCompile Include="forwardcontroller\ruleparsemethod.cpp">
      <Filter>Source Files</Filter>
    </ClCompile>
    <ClCompile Include="forwardcontroller\webserver.cpp">
      <Filter>Source Files</Filter>
    </ClCompile>
    <ClCompile Include="global.cpp">
      <Filter>Source Files</Filter>
    </ClCompile>
    <ClCompile Include="startupcallback.cpp">
      <Filter>Source Files</Filter>
    </ClCompile>
    <ClCompile Include="databasemanage\mainwindow.cpp">
      <Filter>Source Files</Filter>
    </ClCompile>
    <ClCompile Include="databasemanage\leftpanel.cpp">
      <Filter>Source Files</Filter>
    </ClCompile>
    <ClCompile Include="databasemanage\widgetcontainer.cpp">
      <Filter>Source Files</Filter>
    </ClCompile>
    <ClCompile Include="databasemanage\customwidget\rlistwidget.cpp">
      <Filter>Source Files</Filter>
    </ClCompile>
    <ClCompile Include="databasemanage\datastruct.cpp">
      <Filter>Source Files</Filter>
    </ClCompile>
    <ClCompile Include="databasemanage\pages\mainpage\mainpage.cpp">
      <Filter>Source Files</Filter>
    </ClCompile>
    <ClCompile Include="databasemanage\pages\mainpage\overviewitem.cpp">
      <Filter>Source Files</Filter>
    </ClCompile>
    <ClCompile Include="databasemanage\pages\abstractpage.cpp">
      <Filter>Source Files</Filter>
    </ClCompile>
    <ClCompile Include="databasemanage\pages\databasemanage\datamanagewidget.cpp">
      <Filter>Source Files</Filter>
    </ClCompile>
    <ClCompile Include="databasemanage\pages\systemsetting\systemsettingwidget.cpp">
      <Filter>Source Files</Filter>
    </ClCompile>
    <ClCompile Include="databasemanage\pages\dataanalyse\dataanalysewidget.cpp">
      <Filter>Source Files</Filter>
    </ClCompile>
    <ClCompile Include="databasemanage\pages\databasemanage\tablemodel\levelmodel0.cpp">
      <Filter>Source Files</Filter>
    </ClCompile>
    <ClCompile Include="databasemanage\pages\databasemanage\level0page.cpp">
      <Filter>Source Files</Filter>
    </ClCompile>
    <ClCompile Include="databasemanage\customwidget\pageswitchbar.cpp">
      <Filter>Source Files</Filter>
    </ClCompile>
    <ClCompile Include="databasemanage\util.cpp">
      <Filter>Source Files</Filter>
    </ClCompile>
    <ClCompile Include="databasemanage\pages\dataanalyse\candidatedatapage.cpp">
      <Filter>Source Files</Filter>
    </ClCompile>
    <ClCompile Include="databasemanage\pages\dataanalyse\datasamplepage.cpp">
      <Filter>Source Files</Filter>
    </ClCompile>
    <ClCompile Include="databasemanage\pages\dataanalyse\DemonSpectrogramWidget.cpp">
      <Filter>Source Files</Filter>
    </ClCompile>
    <ClCompile Include="databasemanage\pages\dataanalyse\gatherwidget.cpp">
      <Filter>Source Files</Filter>
    </ClCompile>
    <ClCompile Include="databasemanage\pages\dataanalyse\inspectwidget.cpp">
      <Filter>Source Files</Filter>
    </ClCompile>
    <ClCompile Include="databasemanage\pages\dataanalyse\SpectrogramWidget.cpp">
      <Filter>Source Files</Filter>
    </ClCompile>
    <ClCompile Include="databasemanage\pages\systemsetting\tablemodel\usermanagemodel.cpp">
      <Filter>Source Files</Filter>
    </ClCompile>
    <ClCompile Include="databasemanage\pages\systemsetting\usermanagepage.cpp">
      <Filter>Source Files</Filter>
    </ClCompile>
    <ClCompile Include="databasemanage\pages\dataanalyse\tablemodel\candidatedatamodel.cpp">
      <Filter>Source Files</Filter>
    </ClCompile>
    <ClCompile Include="databasemanage\pages\dataanalyse\tablemodel\datasamplemodel.cpp">
      <Filter>Source Files</Filter>
    </ClCompile>
    <ClCompile Include="databasemanage\utils\operationtoolspage.cpp">
      <Filter>Source Files</Filter>
    </ClCompile>
    <ClCompile Include="databasemanage\pages\databasemanage\level1page.cpp">
      <Filter>Source Files</Filter>
    </ClCompile>
    <ClCompile Include="databasemanage\pages\databasemanage\level2page.cpp">
      <Filter>Source Files</Filter>
    </ClCompile>
  </ItemGroup>
  <ItemGroup>
    <QtMoc Include="3rdLibrary\qcustomplot.h">
      <Filter>Header Files</Filter>
    </QtMoc>
    <QtMoc Include="forwardcontroller\dataforwardclient.h">
      <Filter>Header Files</Filter>
    </QtMoc>
    <QtMoc Include="forwardcontroller\multidataforwardclients.h">
      <Filter>Header Files</Filter>
    </QtMoc>
    <QtMoc Include="databasemanage\mainwindow.h">
      <Filter>Header Files</Filter>
    </QtMoc>
    <QtMoc Include="databasemanage\leftpanel.h">
      <Filter>Header Files</Filter>
    </QtMoc>
    <QtMoc Include="databasemanage\widgetcontainer.h">
      <Filter>Header Files</Filter>
    </QtMoc>
    <QtMoc Include="databasemanage\customwidget\rlistwidget.h">
      <Filter>Header Files</Filter>
    </QtMoc>
    <QtMoc Include="databasemanage\pages\mainpage\mainpage.h">
      <Filter>Header Files</Filter>
    </QtMoc>
    <QtMoc Include="databasemanage\pages\mainpage\overviewitem.h">
      <Filter>Header Files</Filter>
    </QtMoc>
    <QtMoc Include="databasemanage\pages\abstractpage.h">
      <Filter>Header Files</Filter>
    </QtMoc>
    <QtMoc Include="databasemanage\pages\databasemanage\datamanagewidget.h">
      <Filter>Header Files</Filter>
    </QtMoc>
    <QtMoc Include="databasemanage\pages\systemsetting\systemsettingwidget.h">
      <Filter>Header Files</Filter>
    </QtMoc>
    <QtMoc Include="databasemanage\pages\dataanalyse\dataanalysewidget.h">
      <Filter>Header Files</Filter>
    </QtMoc>
    <QtMoc Include="databasemanage\pages\databasemanage\tablemodel\levelmodel0.h">
      <Filter>Header Files</Filter>
    </QtMoc>
    <QtMoc Include="databasemanage\pages\databasemanage\level0page.h">
      <Filter>Header Files</Filter>
    </QtMoc>
    <QtMoc Include="databasemanage\customwidget\pageswitchbar.h">
      <Filter>Header Files</Filter>
    </QtMoc>
    <QtMoc Include="databasemanage\pages\dataanalyse\candidatedatapage.h">
      <Filter>Header Files</Filter>
    </QtMoc>
    <QtMoc Include="databasemanage\pages\dataanalyse\datasamplepage.h">
      <Filter>Header Files</Filter>
    </QtMoc>
    <QtMoc Include="databasemanage\pages\dataanalyse\DemonSpectrogramWidget.h">
      <Filter>Header Files</Filter>
    </QtMoc>
    <QtMoc Include="databasemanage\pages\dataanalyse\gatherwidget.h">
      <Filter>Header Files</Filter>
    </QtMoc>
    <QtMoc Include="databasemanage\pages\dataanalyse\inspectwidget.h">
      <Filter>Header Files</Filter>
    </QtMoc>
    <QtMoc Include="databasemanage\pages\dataanalyse\SpectrogramWidget.h">
      <Filter>Header Files</Filter>
    </QtMoc>
    <QtMoc Include="databasemanage\pages\systemsetting\tablemodel\usermanagemodel.h">
      <Filter>Header Files</Filter>
    </QtMoc>
    <QtMoc Include="databasemanage\pages\systemsetting\usermanagepage.h">
      <Filter>Header Files</Filter>
    </QtMoc>
    <QtMoc Include="databasemanage\pages\dataanalyse\tablemodel\candidatedatamodel.h">
      <Filter>Header Files</Filter>
    </QtMoc>
    <QtMoc Include="databasemanage\pages\dataanalyse\tablemodel\datasamplemodel.h">
      <Filter>Header Files</Filter>
    </QtMoc>
    <QtMoc Include="databasemanage\utils\operationtoolspage.h">
      <Filter>Header Files</Filter>
    </QtMoc>
    <QtMoc Include="databasemanage\pages\databasemanage\level1page.h">
      <Filter>Header Files</Filter>
    </QtMoc>
    <QtMoc Include="databasemanage\pages\databasemanage\level2page.h">
      <Filter>Header Files</Filter>
    </QtMoc>
  </ItemGroup>
  <ItemGroup>
    <ClInclude Include="forwardcontroller\dataforwardmanager.h">
      <Filter>Header Files</Filter>
    </ClInclude>
    <ClInclude Include="forwardcontroller\dataforwardserver.h">
      <Filter>Header Files</Filter>
    </ClInclude>
    <ClInclude Include="forwardcontroller\ruleparsemethod.h">
      <Filter>Header Files</Filter>
    </ClInclude>
    <ClInclude Include="forwardcontroller\webserver.h">
      <Filter>Header Files</Filter>
    </ClInclude>
    <ClInclude Include="global.h">
      <Filter>Header Files</Filter>
    </ClInclude>
    <ClInclude Include="related_global.h">
      <Filter>Header Files</Filter>
    </ClInclude>
    <ClInclude Include="startupcallback.h">
      <Filter>Header Files</Filter>
    </ClInclude>
    <ClInclude Include="topiclist.h">
      <Filter>Header Files</Filter>
    </ClInclude>
    <ClInclude Include="databasemanage\datastruct.h">
      <Filter>Header Files</Filter>
    </ClInclude>
    <ClInclude Include="databasemanage\util.h">
      <Filter>Header Files</Filter>
    </ClInclude>
  </ItemGroup>
  <ItemGroup>
    <QtUic Include="databasemanage\pages\mainpage\overviewitem.ui">
      <Filter>Form Files</Filter>
    </QtUic>
    <QtUic Include="databasemanage\pages\dataanalyse\DemonSpectrogramWidget.ui">
      <Filter>Form Files</Filter>
    </QtUic>
    <QtUic Include="databasemanage\pages\dataanalyse\gatherwidget.ui">
      <Filter>Form Files</Filter>
    </QtUic>
    <QtUic Include="databasemanage\pages\dataanalyse\inspectwidget.ui">
      <Filter>Form Files</Filter>
    </QtUic>
  </ItemGroup>
</Project>